
Microsoft Visual Studio Solution File, Format Version 12.00
# Visual Studio Version 16
VisualStudioVersion = 16.0.31613.86
MinimumVisualStudioVersion = 10.0.40219.1
Project("{FAE04EC0-301F-11D3-BF4B-00C04F79EFBC}") = "JwtRefreshTokenSwaggerAuth", "JwtRefreshTokenSwaggerAuth\JwtRefreshTokenSwaggerAuth.csproj", "{ACA86F1D-94B1-4A38-A36E-5A9276A517B8}"
EndProject
Global
	GlobalSection(SolutionConfigurationPlatforms) = preSolution
		Debug|Any CPU = Debug|Any CPU
		Release|Any CPU = Release|Any CPU
	EndGlobalSection
	GlobalSection(ProjectConfigurationPlatforms) = postSolution
		{ACA86F1D-94B1-4A38-A36E-5A9276A517B8}.Debug|Any CPU.ActiveCfg = Debug|Any CPU
		{ACA86F1D-94B1-4A38-A36E-5A9276A517B8}.Debug|Any CPU.Build.0 = Debug|Any CPU
		{ACA86F1D-94B1-4A38-A36E-5A9276A517B8}.Release|Any CPU.ActiveCfg = Release|Any CPU
		{ACA86F1D-94B1-4A38-A36E-5A9276A517B8}.Release|Any CPU.Build.0 = Release|Any CPU
	EndGlobalSection
	GlobalSection(SolutionProperties) = preSolution
		HideSolutionNode = FALSE
	EndGlobalSection
	GlobalSection(ExtensibilityGlobals) = postSolution
		SolutionGuid = {E73242E9-E3B3-4496-83D2-1FB1731968BA}
	EndGlobalSection
EndGlobal
